
Microsoft Visual Studio Solution File, Format Version 12.00
# Visual Studio Version 17
VisualStudioVersion = 17.5.002.0
MinimumVisualStudioVersion = 10.0.40219.1
Project("{9A19103F-16F7-4668-BE54-9A1E7A4F7556}") = "Calculadora", "Calculadora\Calculadora.csproj", "{DE747E75-568C-4C64-AED8-9D7A277FD7DB}"
EndProject
Project("{9A19103F-16F7-4668-BE54-9A1E7A4F7556}") = "Calculadora.Tests", "Calculadora.Tests\Calculadora.Tests.csproj", "{1162BA29-8AD1-49C2-9BFC-C3E03B484724}"
EndProject
Global
	GlobalSection(SolutionConfigurationPlatforms) = preSolution
		Debug|Any CPU = Debug|Any CPU
		Release|Any CPU = Release|Any CPU
	EndGlobalSection
	GlobalSection(ProjectConfigurationPlatforms) = postSolution
		{DE747E75-568C-4C64-AED8-9D7A277FD7DB}.Debug|Any CPU.ActiveCfg = Debug|Any CPU
		{DE747E75-568C-4C64-AED8-9D7A277FD7DB}.Debug|Any CPU.Build.0 = Debug|Any CPU
		{DE747E75-568C-4C64-AED8-9D7A277FD7DB}.Release|Any CPU.ActiveCfg = Release|Any CPU
		{DE747E75-568C-4C64-AED8-9D7A277FD7DB}.Release|Any CPU.Build.0 = Release|Any CPU
		{1162BA29-8AD1-49C2-9BFC-C3E03B484724}.Debug|Any CPU.ActiveCfg = Debug|Any CPU
		{1162BA29-8AD1-49C2-9BFC-C3E03B484724}.Debug|Any CPU.Build.0 = Debug|Any CPU
		{1162BA29-8AD1-49C2-9BFC-C3E03B484724}.Release|Any CPU.ActiveCfg = Release|Any CPU
		{1162BA29-8AD1-49C2-9BFC-C3E03B484724}.Release|Any CPU.Build.0 = Release|Any CPU
	EndGlobalSection
	GlobalSection(SolutionProperties) = preSolution
		HideSolutionNode = FALSE
	EndGlobalSection
	GlobalSection(ExtensibilityGlobals) = postSolution
		SolutionGuid = {002AB98F-554E-4E46-93A1-81A6EF3ABC82}
	EndGlobalSection
EndGlobal
